
Microsoft Visual Studio Solution File, Format Version 12.00
# Visual Studio Version 17
VisualStudioVersion = 17.3.32811.315
MinimumVisualStudioVersion = 10.0.40219.1
Project("{9A19103F-16F7-4668-BE54-9A1E7A4F7556}") = "FamilyPrinter", "src\FamilyPrinter\FamilyPrinter.csproj", "{56B6B72C-EF21-40BF-B83F-AD6E5F4CA8F3}"
EndProject
Project("{FAE04EC0-301F-11D3-BF4B-00C04F79EFBC}") = "FamilyPrinter.Test", "FamilyPrinter.Test\FamilyPrinter.Test.csproj", "{C97535FF-5AFE-4AF4-8238-8AB452DACC03}"
EndProject
Global
	GlobalSection(SolutionConfigurationPlatforms) = preSolution
		Debug|Any CPU = Debug|Any CPU
		Release|Any CPU = Release|Any CPU
	EndGlobalSection
	GlobalSection(ProjectConfigurationPlatforms) = postSolution
		{56B6B72C-EF21-40BF-B83F-AD6E5F4CA8F3}.Debug|Any CPU.ActiveCfg = Debug|Any CPU
		{56B6B72C-EF21-40BF-B83F-AD6E5F4CA8F3}.Debug|Any CPU.Build.0 = Debug|Any CPU
		{56B6B72C-EF21-40BF-B83F-AD6E5F4CA8F3}.Release|Any CPU.ActiveCfg = Release|Any CPU
		{56B6B72C-EF21-40BF-B83F-AD6E5F4CA8F3}.Release|Any CPU.Build.0 = Release|Any CPU
		{C97535FF-5AFE-4AF4-8238-8AB452DACC03}.Debug|Any CPU.ActiveCfg = Debug|Any CPU
		{C97535FF-5AFE-4AF4-8238-8AB452DACC03}.Debug|Any CPU.Build.0 = Debug|Any CPU
		{C97535FF-5AFE-4AF4-8238-8AB452DACC03}.Release|Any CPU.ActiveCfg = Release|Any CPU
		{C97535FF-5AFE-4AF4-8238-8AB452DACC03}.Release|Any CPU.Build.0 = Release|Any CPU
	EndGlobalSection
	GlobalSection(SolutionProperties) = preSolution
		HideSolutionNode = FALSE
	EndGlobalSection
	GlobalSection(ExtensibilityGlobals) = postSolution
		SolutionGuid = {76B156A7-11FC-4AE4-AA61-581913F1EEB5}
	EndGlobalSection
EndGlobal
